
Microsoft Visual Studio Solution File, Format Version 12.00
# Visual Studio Version 17
VisualStudioVersion = 17.6.33829.357
MinimumVisualStudioVersion = 10.0.40219.1
Project("{FAE04EC0-301F-11D3-BF4B-00C04F79EFBC}") = "FeBweb", "FeBweb\FeBweb.csproj", "{56CCC1FD-C3EA-496F-9428-6B71CA485F86}"
EndProject
Global
	GlobalSection(SolutionConfigurationPlatforms) = preSolution
		Debug|Any CPU = Debug|Any CPU
		Release|Any CPU = Release|Any CPU
	EndGlobalSection
	GlobalSection(ProjectConfigurationPlatforms) = postSolution
		{56CCC1FD-C3EA-496F-9428-6B71CA485F86}.Debug|Any CPU.ActiveCfg = Debug|Any CPU
		{56CCC1FD-C3EA-496F-9428-6B71CA485F86}.Debug|Any CPU.Build.0 = Debug|Any CPU
		{56CCC1FD-C3EA-496F-9428-6B71CA485F86}.Release|Any CPU.ActiveCfg = Release|Any CPU
		{56CCC1FD-C3EA-496F-9428-6B71CA485F86}.Release|Any CPU.Build.0 = Release|Any CPU
	EndGlobalSection
	GlobalSection(SolutionProperties) = preSolution
		HideSolutionNode = FALSE
	EndGlobalSection
	GlobalSection(ExtensibilityGlobals) = postSolution
		SolutionGuid = {1085D95E-7445-4888-AAB0-1B5F581CDE01}
	EndGlobalSection
EndGlobal
